{
  "requires": true,
  "lockfileVersion": 1,
  "dependencies": {
    "chess.js": {
      "version": "0.11.0",
      "resolved": "https://registry.npmjs.org/chess.js/-/chess.js-0.11.0.tgz",
      "integrity": "sha512-yTpi6XbRMkBtnjSvbt6wEp9Y7JzhJl1MC3GNn67q5ClyccXxCRf5cMPSUg4OblrUapg1kLHm7WzxxEVp20NK1Q=="
    }
  }
}
